
Microsoft Visual Studio Solution File, Format Version 12.00
# Visual Studio 15
VisualStudioVersion = 15.0.28010.2050
MinimumVisualStudioVersion = 10.0.40219.1
Project("{888888A0-9F3D-457C-B088-3A5042F75D52}") = "parity final", "parity final\parity final.pyproj", "{4DAD83B2-D770-4C36-8FC2-7C9D96D8A1F7}"
EndProject
Global
	GlobalSection(SolutionConfigurationPlatforms) = preSolution
		Debug|Any CPU = Debug|Any CPU
		Release|Any CPU = Release|Any CPU
	EndGlobalSection
	GlobalSection(ProjectConfigurationPlatforms) = postSolution
		{4DAD83B2-D770-4C36-8FC2-7C9D96D8A1F7}.Debug|Any CPU.ActiveCfg = Debug|Any CPU
		{4DAD83B2-D770-4C36-8FC2-7C9D96D8A1F7}.Release|Any CPU.ActiveCfg = Release|Any CPU
	EndGlobalSection
	GlobalSection(SolutionProperties) = preSolution
		HideSolutionNode = FALSE
	EndGlobalSection
	GlobalSection(ExtensibilityGlobals) = postSolution
		SolutionGuid = {64C8AE36-EFAE-4FC8-BFB4-8ECCE08060BB}
	EndGlobalSection
EndGlobal
